
Microsoft Visual Studio Solution File, Format Version 12.00
# Visual Studio Version 17
VisualStudioVersion = 17.5.33502.453
MinimumVisualStudioVersion = 10.0.40219.1
Project("{9A19103F-16F7-4668-BE54-9A1E7A4F7556}") = "donetcoreAPI", "donetcoreAPI\donetcoreAPI.csproj", "{A9C481F0-A601-4BFC-9FFC-433D2E0919A5}"
EndProject
Project("{9A19103F-16F7-4668-BE54-9A1E7A4F7556}") = "DataLayer", "DataLayer\DataLayer.csproj", "{7A957458-C0DF-4B04-A9FE-1F391A424161}"
EndProject
Project("{9A19103F-16F7-4668-BE54-9A1E7A4F7556}") = "CommandLayer", "BusinessLayer\CommandLayer.csproj", "{ECB92090-2459-4916-9B73-73C74C986C88}"
EndProject
Project("{2150E333-8FDC-42A3-9474-1A3956D46DE8}") = "Solution Items", "Solution Items", "{DC918F98-6F7D-4397-9996-85038D3BE098}"
	ProjectSection(SolutionItems) = preProject
		docker-compose.yml = docker-compose.yml
	EndProjectSection
EndProject
Global
	GlobalSection(SolutionConfigurationPlatforms) = preSolution
		Debug|Any CPU = Debug|Any CPU
		Release|Any CPU = Release|Any CPU
	EndGlobalSection
	GlobalSection(ProjectConfigurationPlatforms) = postSolution
		{A9C481F0-A601-4BFC-9FFC-433D2E0919A5}.Debug|Any CPU.ActiveCfg = Debug|Any CPU
		{A9C481F0-A601-4BFC-9FFC-433D2E0919A5}.Debug|Any CPU.Build.0 = Debug|Any CPU
		{A9C481F0-A601-4BFC-9FFC-433D2E0919A5}.Release|Any CPU.ActiveCfg = Release|Any CPU
		{A9C481F0-A601-4BFC-9FFC-433D2E0919A5}.Release|Any CPU.Build.0 = Release|Any CPU
		{7A957458-C0DF-4B04-A9FE-1F391A424161}.Debug|Any CPU.ActiveCfg = Debug|Any CPU
		{7A957458-C0DF-4B04-A9FE-1F391A424161}.Debug|Any CPU.Build.0 = Debug|Any CPU
		{7A957458-C0DF-4B04-A9FE-1F391A424161}.Release|Any CPU.ActiveCfg = Release|Any CPU
		{7A957458-C0DF-4B04-A9FE-1F391A424161}.Release|Any CPU.Build.0 = Release|Any CPU
		{ECB92090-2459-4916-9B73-73C74C986C88}.Debug|Any CPU.ActiveCfg = Debug|Any CPU
		{ECB92090-2459-4916-9B73-73C74C986C88}.Debug|Any CPU.Build.0 = Debug|Any CPU
		{ECB92090-2459-4916-9B73-73C74C986C88}.Release|Any CPU.ActiveCfg = Release|Any CPU
		{ECB92090-2459-4916-9B73-73C74C986C88}.Release|Any CPU.Build.0 = Release|Any CPU
	EndGlobalSection
	GlobalSection(SolutionProperties) = preSolution
		HideSolutionNode = FALSE
	EndGlobalSection
	GlobalSection(ExtensibilityGlobals) = postSolution
		SolutionGuid = {66607292-8CF5-4D76-8962-014E08739022}
	EndGlobalSection
EndGlobal
